
Microsoft Visual Studio Solution File, Format Version 12.00
# Visual Studio Version 17
VisualStudioVersion = 17.3.32929.385
MinimumVisualStudioVersion = 10.0.40219.1
Project("{9A19103F-16F7-4668-BE54-9A1E7A4F7556}") = "Drones.Core", "Drones.Core\Drones.Core.csproj", "{94240388-27FE-4594-814B-4A5B2574689C}"
EndProject
Project("{9A19103F-16F7-4668-BE54-9A1E7A4F7556}") = "Drones.API", "Drones.API\Drones.API.csproj", "{ABBA5081-D7D2-4098-9CC0-52A5CCE7E0D5}"
EndProject
Project("{FAE04EC0-301F-11D3-BF4B-00C04F79EFBC}") = "Drones.Infrastructure", "Drones.Infrastructure\Drones.Infrastructure.csproj", "{BA49907F-93B8-45C2-A570-83984947834C}"
EndProject
Global
	GlobalSection(SolutionConfigurationPlatforms) = preSolution
		Debug|Any CPU = Debug|Any CPU
		Release|Any CPU = Release|Any CPU
	EndGlobalSection
	GlobalSection(ProjectConfigurationPlatforms) = postSolution
		{94240388-27FE-4594-814B-4A5B2574689C}.Debug|Any CPU.ActiveCfg = Debug|Any CPU
		{94240388-27FE-4594-814B-4A5B2574689C}.Debug|Any CPU.Build.0 = Debug|Any CPU
		{94240388-27FE-4594-814B-4A5B2574689C}.Release|Any CPU.ActiveCfg = Release|Any CPU
		{94240388-27FE-4594-814B-4A5B2574689C}.Release|Any CPU.Build.0 = Release|Any CPU
		{ABBA5081-D7D2-4098-9CC0-52A5CCE7E0D5}.Debug|Any CPU.ActiveCfg = Debug|Any CPU
		{ABBA5081-D7D2-4098-9CC0-52A5CCE7E0D5}.Debug|Any CPU.Build.0 = Debug|Any CPU
		{ABBA5081-D7D2-4098-9CC0-52A5CCE7E0D5}.Release|Any CPU.ActiveCfg = Release|Any CPU
		{ABBA5081-D7D2-4098-9CC0-52A5CCE7E0D5}.Release|Any CPU.Build.0 = Release|Any CPU
		{BA49907F-93B8-45C2-A570-83984947834C}.Debug|Any CPU.ActiveCfg = Debug|Any CPU
		{BA49907F-93B8-45C2-A570-83984947834C}.Debug|Any CPU.Build.0 = Debug|Any CPU
		{BA49907F-93B8-45C2-A570-83984947834C}.Release|Any CPU.ActiveCfg = Release|Any CPU
		{BA49907F-93B8-45C2-A570-83984947834C}.Release|Any CPU.Build.0 = Release|Any CPU
	EndGlobalSection
	GlobalSection(SolutionProperties) = preSolution
		HideSolutionNode = FALSE
	EndGlobalSection
	GlobalSection(ExtensibilityGlobals) = postSolution
		SolutionGuid = {8F8FBFC9-43E9-459F-BD99-BC5ABA103FC1}
	EndGlobalSection
EndGlobal
